PODS:
  - GloboCalendarView (0.1.12)

DEPENDENCIES:
  - GloboCalendarView (from `../`)

EXTERNAL SOURCES:
  GloboCalendarView:
    :path: "../"

SPEC CHECKSUMS:
  GloboCalendarView: 62f7f982a65b46f1bdfe6c77aca5e7bcadc1fc21

PODFILE CHECKSUM: b92b50acf1381a629cdb46fc8ade90ee987ed1e3

COCOAPODS: 1.7.5
